// !$*UTF8*$!
{
	archiveVersion = 1;
	classes = {
	};
	objectVersion = 56;
	objects = {

/* Begin PBXBuildFile section */
		5A1293A12B918B8800D98A62 /* SearchMenuView.swift in Sources */ = {isa = PBXBuildFile; fileRef = 5A1293A02B918B8800D98A62 /* SearchMenuView.swift */; };
		5A1293A32B91947300D98A62 /* MainMenuView.swift in Sources */ = {isa = PBXBuildFile; fileRef = 5A1293A22B91947300D98A62 /* MainMenuView.swift */; };
		5A70ACA22B90A60800DFF76D /* Odyssey_of_LifeApp.swift in Sources */ = {isa = PBXBuildFile; fileRef = 5A70ACA12B90A60800DFF76D /* Odyssey_of_LifeApp.swift */; };
		5A70ACA42B90A60800DFF76D /* ContentView.swift in Sources */ = {isa = PBXBuildFile; fileRef = 5A70ACA32B90A60800DFF76D /* ContentView.swift */; };
		5A70ACA62B90A60800DFF76D /* Item.swift in Sources */ = {isa = PBXBuildFile; fileRef = 5A70ACA52B90A60800DFF76D /* Item.swift */; };
		5A70ACA82B90A60B00DFF76D /* Assets.xcassets in Resources */ = {isa = PBXBuildFile; fileRef = 5A70ACA72B90A60B00DFF76D /* Assets.xcassets */; };
		5A70ACAB2B90A60B00DFF76D /* Preview Assets.xcassets in Resources */ = {isa = PBXBuildFile; fileRef = 5A70ACAA2B90A60B00DFF76D /* Preview Assets.xcassets */; };
		5A70ACB42B90A62E00DFF76D /* NativeView.swift in Sources */ = {isa = PBXBuildFile; fileRef = 5A70ACB22B90A62E00DFF76D /* NativeView.swift */; };
		5A70ACB92B90A81E00DFF76D /* Schema.swift in Sources */ = {isa = PBXBuildFile; fileRef = 5A70ACB82B90A81E00DFF76D /* Schema.swift */; };
		5A70ACC02B90C0BD00DFF76D /* EntryView.swift in Sources */ = {isa = PBXBuildFile; fileRef = 5A70ACBF2B90C0BD00DFF76D /* EntryView.swift */; };
		5A70ACC32B90C49E00DFF76D /* LICENCE.txt in Resources */ = {isa = PBXBuildFile; fileRef = 5A70ACC22B90C49E00DFF76D /* LICENCE.txt */; };
		5A70ACC62B90DC6800DFF76D /* SideBarView.swift in Sources */ = {isa = PBXBuildFile; fileRef = 5A70ACC52B90DC6800DFF76D /* SideBarView.swift */; };
		5A70ACCE2B90EE5E00DFF76D /* TagColorView.swift in Sources */ = {isa = PBXBuildFile; fileRef = 5A70ACCD2B90EE5D00DFF76D /* TagColorView.swift */; };
		5A70ACD02B90F17200DFF76D /* ExclusiveView.swift in Sources */ = {isa = PBXBuildFile; fileRef = 5A70ACCF2B90F17200DFF76D /* ExclusiveView.swift */; };
/* End PBXBuildFile section */

/* Begin PBXFileReference section */
		5A1293A02B918B8800D98A62 /* SearchMenuView.swift */ = {isa = PBXFileReference; lastKnownFileType = sourcecode.swift; path = SearchMenuView.swift; sourceTree = "<group>"; };
		5A1293A22B91947300D98A62 /* MainMenuView.swift */ = {isa = PBXFileReference; lastKnownFileType = sourcecode.swift; path = MainMenuView.swift; sourceTree = "<group>"; };
		5A70AC9E2B90A60800DFF76D /* Odyssey_of_Life.app */ = {isa = PBXFileReference; explicitFileType = wrapper.application; includeInIndex = 0; path = Odyssey_of_Life.app; sourceTree = BUILT_PRODUCTS_DIR; };
		5A70ACA12B90A60800DFF76D /* Odyssey_of_LifeApp.swift */ = {isa = PBXFileReference; lastKnownFileType = sourcecode.swift; path = Odyssey_of_LifeApp.swift; sourceTree = "<group>"; };
		5A70ACA32B90A60800DFF76D /* ContentView.swift */ = {isa = PBXFileReference; lastKnownFileType = sourcecode.swift; path = ContentView.swift; sourceTree = "<group>"; };
		5A70ACA52B90A60800DFF76D /* Item.swift */ = {isa = PBXFileReference; lastKnownFileType = sourcecode.swift; path = Item.swift; sourceTree = "<group>"; };
		5A70ACA72B90A60B00DFF76D /* Assets.xcassets */ = {isa = PBXFileReference; lastKnownFileType = folder.assetcatalog; path = Assets.xcassets; sourceTree = "<group>"; };
		5A70ACAA2B90A60B00DFF76D /* Preview Assets.xcassets */ = {isa = PBXFileReference; lastKnownFileType = folder.assetcatalog; path = "Preview Assets.xcassets"; sourceTree = "<group>"; };
		5A70ACAC2B90A60B00DFF76D /* Odyssey_of_Life.entitlements */ = {isa = PBXFileReference; lastKnownFileType = text.plist.entitlements; path = Odyssey_of_Life.entitlements; sourceTree = "<group>"; };
		5A70ACB22B90A62E00DFF76D /* NativeView.swift */ = {isa = PBXFileReference; fileEncoding = 4; lastKnownFileType = sourcecode.swift; path = NativeView.swift; sourceTree = "<group>"; };
		5A70ACB82B90A81E00DFF76D /* Schema.swift */ = {isa = PBXFileReference; lastKnownFileType = sourcecode.swift; path = Schema.swift; sourceTree = "<group>"; };
		5A70ACBF2B90C0BD00DFF76D /* EntryView.swift */ = {isa = PBXFileReference; lastKnownFileType = sourcecode.swift; path = EntryView.swift; sourceTree = "<group>"; };
		5A70ACC22B90C49E00DFF76D /* LICENCE.txt */ = {isa = PBXFileReference; lastKnownFileType = text; path = LICENCE.txt; sourceTree = "<group>"; };
		5A70ACC52B90DC6800DFF76D /* SideBarView.swift */ = {isa = PBXFileReference; lastKnownFileType = sourcecode.swift; path = SideBarView.swift; sourceTree = "<group>"; };
		5A70ACCD2B90EE5D00DFF76D /* TagColorView.swift */ = {isa = PBXFileReference; lastKnownFileType = sourcecode.swift; path = TagColorView.swift; sourceTree = "<group>"; };
		5A70ACCF2B90F17200DFF76D /* ExclusiveView.swift */ = {isa = PBXFileReference; lastKnownFileType = sourcecode.swift; path = ExclusiveView.swift; sourceTree = "<group>"; };
/* End PBXFileReference section */

/* Begin PBXFrameworksBuildPhase section */
		5A70AC9B2B90A60800DFF76D /* Frameworks */ = {
			isa = PBXFrameworksBuildPhase;
			buildActionMask = 2147483647;
			files = (
			);
			runOnlyForDeploymentPostprocessing = 0;
		};
/* End PBXFrameworksBuildPhase section */

/* Begin PBXGroup section */
		5A70AC952B90A60800DFF76D = {
			isa = PBXGroup;
			children = (
				5A70ACA02B90A60800DFF76D /* Odyssey_of_Life */,
				5A70ACC12B90C46C00DFF76D /* LICENCE */,
				5A70AC9F2B90A60800DFF76D /* Products */,
			);
			sourceTree = "<group>";
		};
		5A70AC9F2B90A60800DFF76D /* Products */ = {
			isa = PBXGroup;
			children = (
				5A70AC9E2B90A60800DFF76D /* Odyssey_of_Life.app */,
			);
			name = Products;
			sourceTree = "<group>";
		};
		5A70ACA02B90A60800DFF76D /* Odyssey_of_Life */ = {
			isa = PBXGroup;
			children = (
				5A70ACA12B90A60800DFF76D /* Odyssey_of_LifeApp.swift */,
				5A70ACB22B90A62E00DFF76D /* NativeView.swift */,
				5A70ACA52B90A60800DFF76D /* Item.swift */,
				5A70ACA32B90A60800DFF76D /* ContentView.swift */,
				5A70ACC42B90DC4300DFF76D /* Navigation */,
				5A70ACBA2B90C04C00DFF76D /* Input */,
				5A70ACB72B90A71B00DFF76D /* Resources */,
				5A70ACA72B90A60B00DFF76D /* Assets.xcassets */,
				5A70ACAC2B90A60B00DFF76D /* Odyssey_of_Life.entitlements */,
				5A70ACA92B90A60B00DFF76D /* Preview Content */,
			);
			path = Odyssey_of_Life;
			sourceTree = "<group>";
		};
		5A70ACA92B90A60B00DFF76D /* Preview Content */ = {
			isa = PBXGroup;
			children = (
				5A70ACAA2B90A60B00DFF76D /* Preview Assets.xcassets */,
			);
			path = "Preview Content";
			sourceTree = "<group>";
		};
		5A70ACB72B90A71B00DFF76D /* Resources */ = {
			isa = PBXGroup;
			children = (
				5A70ACB82B90A81E00DFF76D /* Schema.swift */,
			);
			path = Resources;
			sourceTree = "<group>";
		};
		5A70ACBA2B90C04C00DFF76D /* Input */ = {
			isa = PBXGroup;
			children = (
				5A70ACBF2B90C0BD00DFF76D /* EntryView.swift */,
			);
			path = Input;
			sourceTree = "<group>";
		};
		5A70ACC12B90C46C00DFF76D /* LICENCE */ = {
			isa = PBXGroup;
			children = (
				5A70ACC22B90C49E00DFF76D /* LICENCE.txt */,
			);
			path = LICENCE;
			sourceTree = "<group>";
		};
		5A70ACC42B90DC4300DFF76D /* Navigation */ = {
			isa = PBXGroup;
			children = (
				5A70ACC52B90DC6800DFF76D /* SideBarView.swift */,
				5A70ACCA2B90EC4C00DFF76D /* SideBar Items */,
			);
			path = Navigation;
			sourceTree = "<group>";
		};
		5A70ACCA2B90EC4C00DFF76D /* SideBar Items */ = {
			isa = PBXGroup;
			children = (
				5A1293A02B918B8800D98A62 /* SearchMenuView.swift */,
				5A1293A22B91947300D98A62 /* MainMenuView.swift */,
				5A70ACCD2B90EE5D00DFF76D /* TagColorView.swift */,
				5A70ACCF2B90F17200DFF76D /* ExclusiveView.swift */,
			);
			path = "SideBar Items";
			sourceTree = "<group>";
		};
/* End PBXGroup section */

/* Begin PBXNativeTarget section */
		5A70AC9D2B90A60800DFF76D /* Odyssey_of_Life */ = {
			isa = PBXNativeTarget;
			buildConfigurationList = 5A70ACAF2B90A60B00DFF76D /* Build configuration list for PBXNativeTarget "Odyssey_of_Life" */;
			buildPhases = (
				5A70AC9A2B90A60800DFF76D /* Sources */,
				5A70AC9B2B90A60800DFF76D /* Frameworks */,
				5A70AC9C2B90A60800DFF76D /* Resources */,
			);
			buildRules = (
			);
			dependencies = (
			);
			name = Odyssey_of_Life;
			productName = Odyssey_of_Life;
			productReference = 5A70AC9E2B90A60800DFF76D /* Odyssey_of_Life.app */;
			productType = "com.apple.product-type.application";
		};
/* End PBXNativeTarget section */

/* Begin PBXProject section */
		5A70AC962B90A60800DFF76D /* Project object */ = {
			isa = PBXProject;
			attributes = {
				BuildIndependentTargetsInParallel = 1;
				LastSwiftUpdateCheck = 1520;
				LastUpgradeCheck = 1520;
				TargetAttributes = {
					5A70AC9D2B90A60800DFF76D = {
						CreatedOnToolsVersion = 15.2;
					};
				};
			};
			buildConfigurationList = 5A70AC992B90A60800DFF76D /* Build configuration list for PBXProject "Odyssey_of_Life" */;
			compatibilityVersion = "Xcode 14.0";
			developmentRegion = en;
			hasScannedForEncodings = 0;
			knownRegions = (
				en,
				Base,
			);
			mainGroup = 5A70AC952B90A60800DFF76D;
			productRefGroup = 5A70AC9F2B90A60800DFF76D /* Products */;
			projectDirPath = "";
			projectRoot = "";
			targets = (
				5A70AC9D2B90A60800DFF76D /* Odyssey_of_Life */,
			);
		};
/* End PBXProject section */

/* Begin PBXResourcesBuildPhase section */
		5A70AC9C2B90A60800DFF76D /* Resources */ = {
			isa = PBXResourcesBuildPhase;
			buildActionMask = 2147483647;
			files = (
				5A70ACC32B90C49E00DFF76D /* LICENCE.txt in Resources */,
				5A70ACAB2B90A60B00DFF76D /* Preview Assets.xcassets in Resources */,
				5A70ACA82B90A60B00DFF76D /* Assets.xcassets in Resources */,
			);
			runOnlyForDeploymentPostprocessing = 0;
		};
/* End PBXResourcesBuildPhase section */

/* Begin PBXSourcesBuildPhase section */
		5A70AC9A2B90A60800DFF76D /* Sources */ = {
			isa = PBXSourcesBuildPhase;
			buildActionMask = 2147483647;
			files = (
				5A70ACC02B90C0BD00DFF76D /* EntryView.swift in Sources */,
				5A1293A32B91947300D98A62 /* MainMenuView.swift in Sources */,
				5A70ACA42B90A60800DFF76D /* ContentView.swift in Sources */,
				5A70ACB42B90A62E00DFF76D /* NativeView.swift in Sources */,
				5A70ACA62B90A60800DFF76D /* Item.swift in Sources */,
				5A70ACCE2B90EE5E00DFF76D /* TagColorView.swift in Sources */,
				5A70ACA22B90A60800DFF76D /* Odyssey_of_LifeApp.swift in Sources */,
				5A70ACC62B90DC6800DFF76D /* SideBarView.swift in Sources */,
				5A70ACB92B90A81E00DFF76D /* Schema.swift in Sources */,
				5A70ACD02B90F17200DFF76D /* ExclusiveView.swift in Sources */,
				5A1293A12B918B8800D98A62 /* SearchMenuView.swift in Sources */,
			);
			runOnlyForDeploymentPostprocessing = 0;
		};
/* End PBXSourcesBuildPhase section */

/* Begin XCBuildConfiguration section */
		5A70ACAD2B90A60B00DFF76D /* Debug */ = {
			isa = XCBuildConfiguration;
			buildSettings = {
				ALWAYS_SEARCH_USER_PATHS = NO;
				ASSETCATALOG_COMPILER_GENERATE_SWIFT_ASSET_SYMBOL_EXTENSIONS = YES;
				CLANG_ANALYZER_NONNULL = YES;
				CLANG_ANALYZER_NUMBER_OBJECT_CONVERSION = YES_AGGRESSIVE;
				CLANG_CXX_LANGUAGE_STANDARD = "gnu++20";
				CLANG_ENABLE_MODULES = YES;
				CLANG_ENABLE_OBJC_ARC = YES;
				CLANG_ENABLE_OBJC_WEAK = YES;
				CLANG_WARN_BLOCK_CAPTURE_AUTORELEASING = YES;
				CLANG_WARN_BOOL_CONVERSION = YES;
				CLANG_WARN_COMMA = YES;
				CLANG_WARN_CONSTANT_CONVERSION = YES;
				CLANG_WARN_DEPRECATED_OBJC_IMPLEMENTATIONS = YES;
				CLANG_WARN_DIRECT_OBJC_ISA_USAGE = YES_ERROR;
				CLANG_WARN_DOCUMENTATION_COMMENTS = YES;
				CLANG_WARN_EMPTY_BODY = YES;
				CLANG_WARN_ENUM_CONVERSION = YES;
				CLANG_WARN_INFINITE_RECURSION = YES;
				CLANG_WARN_INT_CONVERSION = YES;
				CLANG_WARN_NON_LITERAL_NULL_CONVERSION = YES;
				CLANG_WARN_OBJC_IMPLICIT_RETAIN_SELF = YES;
				CLANG_WARN_OBJC_LITERAL_CONVERSION = YES;
				CLANG_WARN_OBJC_ROOT_CLASS = YES_ERROR;
				CLANG_WARN_QUOTED_INCLUDE_IN_FRAMEWORK_HEADER = YES;
				CLANG_WARN_RANGE_LOOP_ANALYSIS = YES;
				CLANG_WARN_STRICT_PROTOTYPES = YES;
				CLANG_WARN_SUSPICIOUS_MOVE = YES;
				CLANG_WARN_UNGUARDED_AVAILABILITY = YES_AGGRESSIVE;
				CLANG_WARN_UNREACHABLE_CODE = YES;
				CLANG_WARN__DUPLICATE_METHOD_MATCH = YES;
				COPY_PHASE_STRIP = NO;
				DEBUG_INFORMATION_FORMAT = dwarf;
				ENABLE_STRICT_OBJC_MSGSEND = YES;
				ENABLE_TESTABILITY = YES;
				ENABLE_USER_SCRIPT_SANDBOXING = YES;
				GCC_C_LANGUAGE_STANDARD = gnu17;
				GCC_DYNAMIC_NO_PIC = NO;
				GCC_NO_COMMON_BLOCKS = YES;
				GCC_OPTIMIZATION_LEVEL = 0;
				GCC_PREPROCESSOR_DEFINITIONS = (
					"DEBUG=1",
					"$(inherited)",
				);
				GCC_WARN_64_TO_32_BIT_CONVERSION = YES;
				GCC_WARN_ABOUT_RETURN_TYPE = YES_ERROR;
				GCC_WARN_UNDECLARED_SELECTOR = YES;
				GCC_WARN_UNINITIALIZED_AUTOS = YES_AGGRESSIVE;
				GCC_WARN_UNUSED_FUNCTION = YES;
				GCC_WARN_UNUSED_VARIABLE = YES;
				LOCALIZATION_PREFERS_STRING_CATALOGS = YES;
				MACOSX_DEPLOYMENT_TARGET = 14.2;
				MTL_ENABLE_DEBUG_INFO = INCLUDE_SOURCE;
				MTL_FAST_MATH = YES;
				ONLY_ACTIVE_ARCH = YES;
				SDKROOT = macosx;
				SWIFT_ACTIVE_COMPILATION_CONDITIONS = "DEBUG $(inherited)";
				SWIFT_OPTIMIZATION_LEVEL = "-Onone";
			};
			name = Debug;
		};
		5A70ACAE2B90A60B00DFF76D /* Release */ = {
			isa = XCBuildConfiguration;
			buildSettings = {
				ALWAYS_SEARCH_USER_PATHS = NO;
				ASSETCATALOG_COMPILER_GENERATE_SWIFT_ASSET_SYMBOL_EXTENSIONS = YES;
				CLANG_ANALYZER_NONNULL = YES;
				CLANG_ANALYZER_NUMBER_OBJECT_CONVERSION = YES_AGGRESSIVE;
				CLANG_CXX_LANGUAGE_STANDARD = "gnu++20";
				CLANG_ENABLE_MODULES = YES;
				CLANG_ENABLE_OBJC_ARC = YES;
				CLANG_ENABLE_OBJC_WEAK = YES;
				CLANG_WARN_BLOCK_CAPTURE_AUTORELEASING = YES;
				CLANG_WARN_BOOL_CONVERSION = YES;
				CLANG_WARN_COMMA = YES;
				CLANG_WARN_CONSTANT_CONVERSION = YES;
				CLANG_WARN_DEPRECATED_OBJC_IMPLEMENTATIONS = YES;
				CLANG_WARN_DIRECT_OBJC_ISA_USAGE = YES_ERROR;
				CLANG_WARN_DOCUMENTATION_COMMENTS = YES;
				CLANG_WARN_EMPTY_BODY = YES;
				CLANG_WARN_ENUM_CONVERSION = YES;
				CLANG_WARN_INFINITE_RECURSION = YES;
				CLANG_WARN_INT_CONVERSION = YES;
				CLANG_WARN_NON_LITERAL_NULL_CONVERSION = YES;
				CLANG_WARN_OBJC_IMPLICIT_RETAIN_SELF = YES;
				CLANG_WARN_OBJC_LITERAL_CONVERSION = YES;
				CLANG_WARN_OBJC_ROOT_CLASS = YES_ERROR;
				CLANG_WARN_QUOTED_INCLUDE_IN_FRAMEWORK_HEADER = YES;
				CLANG_WARN_RANGE_LOOP_ANALYSIS = YES;
				CLANG_WARN_STRICT_PROTOTYPES = YES;
				CLANG_WARN_SUSPICIOUS_MOVE = YES;
				CLANG_WARN_UNGUARDED_AVAILABILITY = YES_AGGRESSIVE;
				CLANG_WARN_UNREACHABLE_CODE = YES;
				CLANG_WARN__DUPLICATE_METHOD_MATCH = YES;
				COPY_PHASE_STRIP = NO;
				DEBUG_INFORMATION_FORMAT = "dwarf-with-dsym";
				ENABLE_NS_ASSERTIONS = NO;
				ENABLE_STRICT_OBJC_MSGSEND = YES;
				ENABLE_USER_SCRIPT_SANDBOXING = YES;
				GCC_C_LANGUAGE_STANDARD = gnu17;
				GCC_NO_COMMON_BLOCKS = YES;
				GCC_WARN_64_TO_32_BIT_CONVERSION = YES;
				GCC_WARN_ABOUT_RETURN_TYPE = YES_ERROR;
				GCC_WARN_UNDECLARED_SELECTOR = YES;
				GCC_WARN_UNINITIALIZED_AUTOS = YES_AGGRESSIVE;
				GCC_WARN_UNUSED_FUNCTION = YES;
				GCC_WARN_UNUSED_VARIABLE = YES;
				LOCALIZATION_PREFERS_STRING_CATALOGS = YES;
				MACOSX_DEPLOYMENT_TARGET = 14.2;
				MTL_ENABLE_DEBUG_INFO = NO;
				MTL_FAST_MATH = YES;
				SDKROOT = macosx;
				SWIFT_COMPILATION_MODE = wholemodule;
			};
			name = Release;
		};
		5A70ACB02B90A60B00DFF76D /* Debug */ = {
			isa = XCBuildConfiguration;
			buildSettings = {
				ASSETCATALOG_COMPILER_APPICON_NAME = AppIcon;
				ASSETCATALOG_COMPILER_GLOBAL_ACCENT_COLOR_NAME = AccentColor;
				CODE_SIGN_ENTITLEMENTS = Odyssey_of_Life/Odyssey_of_Life.entitlements;
				CODE_SIGN_STYLE = Automatic;
				COMBINE_HIDPI_IMAGES = YES;
				CURRENT_PROJECT_VERSION = 1;
				DEVELOPMENT_ASSET_PATHS = "\"Odyssey_of_Life/Preview Content\"";
				DEVELOPMENT_TEAM = 9HJJXRUQS8;
				ENABLE_HARDENED_RUNTIME = YES;
				ENABLE_PREVIEWS = YES;
				GENERATE_INFOPLIST_FILE = YES;
				INFOPLIST_KEY_NSHumanReadableCopyright = "";
				LD_RUNPATH_SEARCH_PATHS = (
					"$(inherited)",
					"@executable_path/../Frameworks",
				);
				MACOSX_DEPLOYMENT_TARGET = 14.0;
				MARKETING_VERSION = 1.0;
				PRODUCT_BUNDLE_IDENTIFIER = "TheBrokenStudios.Odyssey-of-Life";
				PRODUCT_NAME = "$(TARGET_NAME)";
				SWIFT_EMIT_LOC_STRINGS = YES;
				SWIFT_VERSION = 5.0;
			};
			name = Debug;
		};
		5A70ACB12B90A60B00DFF76D /* Release */ = {
			isa = XCBuildConfiguration;
			buildSettings = {
				ASSETCATALOG_COMPILER_APPICON_NAME = AppIcon;
				ASSETCATALOG_COMPILER_GLOBAL_ACCENT_COLOR_NAME = AccentColor;
				CODE_SIGN_ENTITLEMENTS = Odyssey_of_Life/Odyssey_of_Life.entitlements;
				CODE_SIGN_STYLE = Automatic;
				COMBINE_HIDPI_IMAGES = YES;
				CURRENT_PROJECT_VERSION = 1;
				DEVELOPMENT_ASSET_PATHS = "\"Odyssey_of_Life/Preview Content\"";
				DEVELOPMENT_TEAM = 9HJJXRUQS8;
				ENABLE_HARDENED_RUNTIME = YES;
				ENABLE_PREVIEWS = YES;
				GENERATE_INFOPLIST_FILE = YES;
				INFOPLIST_KEY_NSHumanReadableCopyright = "";
				LD_RUNPATH_SEARCH_PATHS = (
					"$(inherited)",
					"@executable_path/../Frameworks",
				);
				MACOSX_DEPLOYMENT_TARGET = 14.0;
				MARKETING_VERSION = 1.0;
				PRODUCT_BUNDLE_IDENTIFIER = "TheBrokenStudios.Odyssey-of-Life";
				PRODUCT_NAME = "$(TARGET_NAME)";
				SWIFT_EMIT_LOC_STRINGS = YES;
				SWIFT_VERSION = 5.0;
			};
			name = Release;
		};
/* End XCBuildConfiguration section */

/* Begin XCConfigurationList section */
		5A70AC992B90A60800DFF76D /* Build configuration list for PBXProject "Odyssey_of_Life" */ = {
			isa = XCConfigurationList;
			buildConfigurations = (
				5A70ACAD2B90A60B00DFF76D /* Debug */,
				5A70ACAE2B90A60B00DFF76D /* Release */,
			);
			defaultConfigurationIsVisible = 0;
			defaultConfigurationName = Release;
		};
		5A70ACAF2B90A60B00DFF76D /* Build configuration list for PBXNativeTarget "Odyssey_of_Life" */ = {
			isa = XCConfigurationList;
			buildConfigurations = (
				5A70ACB02B90A60B00DFF76D /* Debug */,
				5A70ACB12B90A60B00DFF76D /* Release */,
			);
			defaultConfigurationIsVisible = 0;
			defaultConfigurationName = Release;
		};
/* End XCConfigurationList section */
	};
	rootObject = 5A70AC962B90A60800DFF76D /* Project object */;
}
